
Microsoft Visual Studio Solution File, Format Version 12.00
# Visual Studio Version 17
VisualStudioVersion = 17.9.34728.123
MinimumVisualStudioVersion = 10.0.40219.1
Project("{FAE04EC0-301F-11D3-BF4B-00C04F79EFBC}") = "ConsoleApp1", "ConsoleApp1\ConsoleApp1.csproj", "{EDF6EB73-D783-42FC-B3A9-8DAEEBDA5D73}"
EndProject
Global
	GlobalSection(SolutionConfigurationPlatforms) = preSolution
		Debug|Any CPU = Debug|Any CPU
		Release|Any CPU = Release|Any CPU
	EndGlobalSection
	GlobalSection(ProjectConfigurationPlatforms) = postSolution
		{EDF6EB73-D783-42FC-B3A9-8DAEEBDA5D73}.Debug|Any CPU.ActiveCfg = Debug|Any CPU
		{EDF6EB73-D783-42FC-B3A9-8DAEEBDA5D73}.Debug|Any CPU.Build.0 = Debug|Any CPU
		{EDF6EB73-D783-42FC-B3A9-8DAEEBDA5D73}.Release|Any CPU.ActiveCfg = Release|Any CPU
		{EDF6EB73-D783-42FC-B3A9-8DAEEBDA5D73}.Release|Any CPU.Build.0 = Release|Any CPU
	EndGlobalSection
	GlobalSection(SolutionProperties) = preSolution
		HideSolutionNode = FALSE
	EndGlobalSection
	GlobalSection(ExtensibilityGlobals) = postSolution
		SolutionGuid = {474BE916-CD16-474A-A61D-0BBCC17FFECF}
	EndGlobalSection
EndGlobal
